
Microsoft Visual Studio Solution File, Format Version 12.00
Project("{FAE04EC0-301F-11D3-BF4B-00C04F79EFBC}") = "IdentityServer", "IdentityServer\IdentityServer.csproj", "{FC6A3ADC-DD04-4AA1-BE82-A6A546DA0045}"
EndProject
Project("{FAE04EC0-301F-11D3-BF4B-00C04F79EFBC}") = "Api", "Api\Api.csproj", "{47A3404F-FA52-4B63-A7C4-A4DBE8C39399}"
EndProject
Project("{FAE04EC0-301F-11D3-BF4B-00C04F79EFBC}") = "ConsoleApplication", "ConsoleApplication\ConsoleApplication.csproj", "{C067A10B-CD9B-409A-BD6F-1BABB6AF4F66}"
EndProject
Project("{FAE04EC0-301F-11D3-BF4B-00C04F79EFBC}") = "WebApplication", "WebApplication\WebApplication.csproj", "{88E028D4-1CF3-4E61-9A51-124F32DB883A}"
EndProject
Global
	GlobalSection(SolutionConfigurationPlatforms) = preSolution
		Debug|Any CPU = Debug|Any CPU
		Release|Any CPU = Release|Any CPU
	EndGlobalSection
	GlobalSection(ProjectConfigurationPlatforms) = postSolution
		{FC6A3ADC-DD04-4AA1-BE82-A6A546DA0045}.Debug|Any CPU.ActiveCfg = Debug|Any CPU
		{FC6A3ADC-DD04-4AA1-BE82-A6A546DA0045}.Debug|Any CPU.Build.0 = Debug|Any CPU
		{FC6A3ADC-DD04-4AA1-BE82-A6A546DA0045}.Release|Any CPU.ActiveCfg = Release|Any CPU
		{FC6A3ADC-DD04-4AA1-BE82-A6A546DA0045}.Release|Any CPU.Build.0 = Release|Any CPU
		{47A3404F-FA52-4B63-A7C4-A4DBE8C39399}.Debug|Any CPU.ActiveCfg = Debug|Any CPU
		{47A3404F-FA52-4B63-A7C4-A4DBE8C39399}.Debug|Any CPU.Build.0 = Debug|Any CPU
		{47A3404F-FA52-4B63-A7C4-A4DBE8C39399}.Release|Any CPU.ActiveCfg = Release|Any CPU
		{47A3404F-FA52-4B63-A7C4-A4DBE8C39399}.Release|Any CPU.Build.0 = Release|Any CPU
		{C067A10B-CD9B-409A-BD6F-1BABB6AF4F66}.Debug|Any CPU.ActiveCfg = Debug|Any CPU
		{C067A10B-CD9B-409A-BD6F-1BABB6AF4F66}.Debug|Any CPU.Build.0 = Debug|Any CPU
		{C067A10B-CD9B-409A-BD6F-1BABB6AF4F66}.Release|Any CPU.ActiveCfg = Release|Any CPU
		{C067A10B-CD9B-409A-BD6F-1BABB6AF4F66}.Release|Any CPU.Build.0 = Release|Any CPU
		{88E028D4-1CF3-4E61-9A51-124F32DB883A}.Debug|Any CPU.ActiveCfg = Debug|Any CPU
		{88E028D4-1CF3-4E61-9A51-124F32DB883A}.Debug|Any CPU.Build.0 = Debug|Any CPU
		{88E028D4-1CF3-4E61-9A51-124F32DB883A}.Release|Any CPU.ActiveCfg = Release|Any CPU
		{88E028D4-1CF3-4E61-9A51-124F32DB883A}.Release|Any CPU.Build.0 = Release|Any CPU
	EndGlobalSection
EndGlobal
